
Microsoft Visual Studio Solution File, Format Version 12.00
# Visual Studio Version 16
VisualStudioVersion = 16.0.30611.23
MinimumVisualStudioVersion = 10.0.40219.1
Project("{8BC9CEB8-8B4A-11D0-8D11-00A0C91BC942}") = "try", "try.vcxproj", "{B59F6738-FF72-4169-9A13-E2FD34DCA490}"
EndProject
Global
	GlobalSection(SolutionConfigurationPlatforms) = preSolution
		Debug|Win32 = Debug|Win32
		Release|Win32 = Release|Win32
	EndGlobalSection
	GlobalSection(ProjectConfigurationPlatforms) = postSolution
		{B59F6738-FF72-4169-9A13-E2FD34DCA490}.Debug|Win32.ActiveCfg = Debug|Win32
		{B59F6738-FF72-4169-9A13-E2FD34DCA490}.Debug|Win32.Build.0 = Debug|Win32
		{B59F6738-FF72-4169-9A13-E2FD34DCA490}.Release|Win32.ActiveCfg = Release|Win32
		{B59F6738-FF72-4169-9A13-E2FD34DCA490}.Release|Win32.Build.0 = Release|Win32
	EndGlobalSection
	GlobalSection(SolutionProperties) = preSolution
		HideSolutionNode = FALSE
	EndGlobalSection
	GlobalSection(ExtensibilityGlobals) = postSolution
		SolutionGuid = {B615DAE7-6E89-4577-8671-BC4DBA9C42DE}
	EndGlobalSection
EndGlobal
